
Microsoft Visual Studio Solution File, Format Version 12.00
# Visual Studio Version 16
VisualStudioVersion = 16.0.34031.81
MinimumVisualStudioVersion = 10.0.40219.1
Project("{FAE04EC0-301F-11D3-BF4B-00C04F79EFBC}") = "ShopGiaDung", "ShopGiaDung.csproj", "{EB499EC8-407E-4517-B34B-1A81004F84C9}"
EndProject
Global
	GlobalSection(SolutionConfigurationPlatforms) = preSolution
		Debug|Any CPU = Debug|Any CPU
		Release|Any CPU = Release|Any CPU
	EndGlobalSection
	GlobalSection(ProjectConfigurationPlatforms) = postSolution
		{EB499EC8-407E-4517-B34B-1A81004F84C9}.Debug|Any CPU.ActiveCfg = Debug|Any CPU
		{EB499EC8-407E-4517-B34B-1A81004F84C9}.Debug|Any CPU.Build.0 = Debug|Any CPU
		{EB499EC8-407E-4517-B34B-1A81004F84C9}.Release|Any CPU.ActiveCfg = Release|Any CPU
		{EB499EC8-407E-4517-B34B-1A81004F84C9}.Release|Any CPU.Build.0 = Release|Any CPU
	EndGlobalSection
	GlobalSection(SolutionProperties) = preSolution
		HideSolutionNode = FALSE
	EndGlobalSection
	GlobalSection(ExtensibilityGlobals) = postSolution
		SolutionGuid = {DCAF6414-9428-497A-AF2A-0BD5DB98653A}
	EndGlobalSection
EndGlobal
